
Microsoft Visual Studio Solution File, Format Version 12.00
# Visual Studio Version 17
VisualStudioVersion = 17.9.34622.214
MinimumVisualStudioVersion = 10.0.40219.1
Project("{FAE04EC0-301F-11D3-BF4B-00C04F79EFBC}") = "Assignment_5_CS", "Assignment_5_CS\Assignment_5_CS.csproj", "{6C9A469E-D9FF-444D-9162-632DDBF1BC0A}"
EndProject
Global
	GlobalSection(SolutionConfigurationPlatforms) = preSolution
		Debug|Any CPU = Debug|Any CPU
		Release|Any CPU = Release|Any CPU
	EndGlobalSection
	GlobalSection(ProjectConfigurationPlatforms) = postSolution
		{6C9A469E-D9FF-444D-9162-632DDBF1BC0A}.Debug|Any CPU.ActiveCfg = Debug|Any CPU
		{6C9A469E-D9FF-444D-9162-632DDBF1BC0A}.Debug|Any CPU.Build.0 = Debug|Any CPU
		{6C9A469E-D9FF-444D-9162-632DDBF1BC0A}.Release|Any CPU.ActiveCfg = Release|Any CPU
		{6C9A469E-D9FF-444D-9162-632DDBF1BC0A}.Release|Any CPU.Build.0 = Release|Any CPU
	EndGlobalSection
	GlobalSection(SolutionProperties) = preSolution
		HideSolutionNode = FALSE
	EndGlobalSection
	GlobalSection(ExtensibilityGlobals) = postSolution
		SolutionGuid = {5F8F4482-D5B4-4FC1-8D03-477027A1FBA8}
	EndGlobalSection
EndGlobal
